
Microsoft Visual Studio Solution File, Format Version 12.00
# Visual Studio Version 17
VisualStudioVersion = 17.3.32901.215
MinimumVisualStudioVersion = 10.0.40219.1
Project("{FAE04EC0-301F-11D3-BF4B-00C04F79EFBC}") = "net hesaplamma (combo)", "net hesaplamma (combo)\net hesaplamma (combo).csproj", "{53EE26ED-A004-48FC-B2B9-2C0815C3FA5A}"
EndProject
Global
	GlobalSection(SolutionConfigurationPlatforms) = preSolution
		Debug|Any CPU = Debug|Any CPU
		Release|Any CPU = Release|Any CPU
	EndGlobalSection
	GlobalSection(ProjectConfigurationPlatforms) = postSolution
		{53EE26ED-A004-48FC-B2B9-2C0815C3FA5A}.Debug|Any CPU.ActiveCfg = Debug|Any CPU
		{53EE26ED-A004-48FC-B2B9-2C0815C3FA5A}.Debug|Any CPU.Build.0 = Debug|Any CPU
		{53EE26ED-A004-48FC-B2B9-2C0815C3FA5A}.Release|Any CPU.ActiveCfg = Release|Any CPU
		{53EE26ED-A004-48FC-B2B9-2C0815C3FA5A}.Release|Any CPU.Build.0 = Release|Any CPU
	EndGlobalSection
	GlobalSection(SolutionProperties) = preSolution
		HideSolutionNode = FALSE
	EndGlobalSection
	GlobalSection(ExtensibilityGlobals) = postSolution
		SolutionGuid = {D9E19362-0331-472A-88CE-395F1ECC04EF}
	EndGlobalSection
EndGlobal
